version = 1
revision = 3
requires-python = "==3.12.*"

[[package]]
name = "asgiref"
version = "3.12.1"
source = { registry = "https://pypi.org/simple" }
sdist = { url = "https://files.pythonhosted.org/packages/e6/26/3b59f2bdae5f640389becb1f673cded775287f5fc4f816309d9ca9a3f93d/asgiref-3.12.1.tar.gz", hash = "sha256:59dcb51c272ad209d59bed5708a64a333083e86017d7fcdd67498eeab7784340", size = 42378, upload-time = "2026-07-14T09:56:18.087Z" }
wheels = [
    { url = "https://files.pythonhosted.org/packages/c0/1b/54f4ad77cd8a584fa70746c47df988e002cf1ee1eba43364d46f87803647/asgiref-3.12.1-py3-none-any.whl", hash = "sha256:fe386d1c2bff7259ea95929266d12a8cf9a8b5a1c2598402967d8792e7a7c094", size = 25478, upload-time = "2026-07-14T09:56:16.926Z" },
]

[[package]]
name = "django"
version = "6.0.2"
source = { registry = "https://pypi.org/simple" }
dependencies = [
    { name = "asgiref" },
    { name = "sqlparse" },
    { name = "tzdata", marker = "sys_platform == 'win32'" },
]
sdist = { url = "https://files.pythonhosted.org/packages/26/3e/a1c4207c5dea4697b7a3387e26584919ba987d8f9320f59dc0b5c557a4eb/django-6.0.2.tar.gz", hash = "sha256:3046a53b0e40d4b676c3b774c73411d7184ae2745fe8ce5e45c0f33d3ddb71a7", size = 10886874, upload-time = "2026-02-03T13:50:31.596Z" }
wheels = [
    { url = "https://files.pythonhosted.org/packages/96/ba/a6e2992bc5b8c688249c00ea48cb1b7a9bc09839328c81dc603671460928/django-6.0.2-py3-none-any.whl", hash = "sha256:610dd3b13d15ec3f1e1d257caedd751db8033c5ad8ea0e2d1219a8acf446ecc6", size = 8339381, upload-time = "2026-02-03T13:50:15.501Z" },
]

[[package]]
name = "django-redis"
version = "6.0.0"
source = { registry = "https://pypi.org/simple" }
dependencies = [
    { name = "django" },
    { name = "redis" },
]
sdist = { url = "https://files.pythonhosted.org/packages/08/53/dbcfa1e528e0d6c39947092625b2c89274b5d88f14d357cee53c4d6dbbd4/django_redis-6.0.0.tar.gz", hash = "sha256:2d9cb12a20424a4c4dde082c6122f486628bae2d9c2bee4c0126a4de7fda00dd", size = 56904, upload-time = "2025-06-17T18:15:46.376Z" }
wheels = [
    { url = "https://files.pythonhosted.org/packages/7e/79/055dfcc508cfe9f439d9f453741188d633efa9eab90fc78a67b0ab50b137/django_redis-6.0.0-py3-none-any.whl", hash = "sha256:20bf0063a8abee567eb5f77f375143c32810c8700c0674ced34737f8de4e36c0", size = 33687, upload-time = "2025-06-17T18:15:34.165Z" },
]

[[package]]
name = "djangorestframework"
version = "3.16.1"
source = { registry = "https://pypi.org/simple" }
dependencies = [
    { name = "django" },
]
sdist = { url = "https://files.pythonhosted.org/packages/8a/95/5376fe618646fde6899b3cdc85fd959716bb67542e273a76a80d9f326f27/djangorestframework-3.16.1.tar.gz", hash = "sha256:166809528b1aced0a17dc66c24492af18049f2c9420dbd0be29422029cfc3ff7", size = 1089735, upload-time = "2025-08-06T17:50:53.251Z" }
wheels = [
    { url = "https://files.pythonhosted.org/packages/b0/ce/bf8b9d3f415be4ac5588545b5fcdbbb841977db1c1d923f7568eeabe1689/djangorestframework-3.16.1-py3-none-any.whl", hash = "sha256:33a59f47fb9c85ede792cbf88bde71893bcda0667bc573f784649521f1102cec", size = 1080442, upload-time = "2025-08-06T17:50:50.667Z" },
]

[[package]]
name = "gunicorn"
version = "26.0.0"
source = { registry = "https://pypi.org/simple" }
dependencies = [
    { name = "packaging" },
]
sdist = { url = "https://files.pythonhosted.org/packages/6d/b7/a4a3f632f823e432ce6bc65f62961b7980c898c77f075a2f7118cb3846fe/gunicorn-26.0.0.tar.gz", hash = "sha256:ca9346f85e3a4aeeb64d491045c16b9a35647abd37ea15efe53080eb8b090baf", size = 727286, upload-time = "2026-05-05T06:38:25.529Z" }
wheels = [
    { url = "https://files.pythonhosted.org/packages/e6/40/9c2384fc2be4ad25dd4a49decd5ad9ea5a3639814c11bd40ab77cb9f0a14/gunicorn-26.0.0-py3-none-any.whl", hash = "sha256:40233d26a5f0d1872916188c276e21641155111c2853f0c2cd55260aec0d24fc", size = 212009, upload-time = "2026-05-05T06:38:23.007Z" },
]

[[package]]
name = "hiredis"
version = "3.4.0"
source = { registry = "https://pypi.org/simple" }
sdist = { url = "https://files.pythonhosted.org/packages/1f/e2/1654d65851f39fd94e91a77a5655d09d4b64901fdc594020d8348db697b2/hiredis-3.4.0.tar.gz", hash = "sha256:da19331354433af6a2c54c21f2d70ba084933c0d7d2c43578ec5c5b446674ad5", size = 137169, upload-time = "2026-06-03T16:23:46.226Z" }
wheels = [
    { url = "https://files.pythonhosted.org/packages/d2/84/f74deb132d238a0d5a3eb1618bf7558c65230b279421f909a9753231c516/hiredis-3.4.0-cp312-cp312-macosx_10_15_universal2.whl", hash = "sha256:9e88048a66dfffec7a3f578f2a2a0fd907c75b5bd85b3c9184f76f0149ea399f", size = 138679, upload-time = "2026-06-03T16:22:17.598Z" },
    { url = "https://files.pythonhosted.org/packages/a2/13/399fe51d399b8d4f5717aa68cb1dafcb8c244b19b1b9b0afaaa526c1be94/hiredis-3.4.0-cp312-cp312-macosx_10_15_x86_64.whl", hash = "sha256:8b3f1d03046765c0a83558bf1756811101e3947649c7ca22a71d9dc3c92929d1", size = 74657, upload-time = "2026-06-03T16:22:18.819Z" },
    { url = "https://files.pythonhosted.org/packages/a4/cf/6a0bcf454b1642997c4dd007bd89beada43f38b22781afdf475060e427ac/hiredis-3.4.0-cp312-cp312-macosx_11_0_arm64.whl", hash = "sha256:24751054bb11353016d242d09a4a902ecf8f25e3b56fe396cccb6f056fdda016", size = 70115, upload-time = "2026-06-03T16:22:19.649Z" },
    { url = "https://files.pythonhosted.org/packages/98/99/62340215f80e59680c79ae5080c5422311da105870c57bbefc5d87487025/hiredis-3.4.0-cp312-cp312-manylinux2014_aarch64.manylinux_2_17_aarch64.manylinux_2_28_aarch64.whl", hash = "sha256:258f820cdd6ee6be39ae6a8ea94a76b8856d34113de6604f63bc81327ef06240", size = 306481, upload-time = "2026-06-03T16:22:20.608Z" },
    { url = "https://files.pythonhosted.org/packages/f1/be/97f349e5bb0dcab0ef28b15523443d9bbe81f8ccbd3dadff56594dfa82fe/hiredis-3.4.0-cp312-cp312-manylinux2014_ppc64le.manylinux_2_17_ppc64le.manylinux_2_28_ppc64le.whl", hash = "sha256:3774461209688790734b5db8934400a4456493fc1a172fb5298cc5d72201aceb", size = 339560, upload-time = "2026-06-03T16:22:21.861Z" },
    { url = "https://files.pythonhosted.org/packages/1e/3f/eb6a9632bcc13a3fbefce5de90090052fb1ae1cd3d57faf687f20149d592/hiredis-3.4.0-cp312-cp312-manylinux2014_s390x.manylinux_2_17_s390x.manylinux_2_28_s390x.whl", hash = "sha256:ccdb63363c82ea9cea2d48126bc8e9241437b8b3b36413e967647a17add59643", size = 351549, upload-time = "2026-06-03T16:22:22.969Z" },
    { url = "https://files.pythonhosted.org/packages/1e/8c/440369f727dcb856f3eeda238d6e67781b180feaa831bd28997d8af10c3b/hiredis-3.4.0-cp312-cp312-manylinux2014_x86_64.manylinux_2_17_x86_64.manylinux_2_28_x86_64.whl", hash = "sha256:452cff764acb30c106d1e33f1bdf03fa9d4a9b0a9c995d722d4d39c998b40582", size = 313066, upload-time = "2026-06-03T16:22:23.987Z" },
    { url = "https://files.pythonhosted.org/packages/ec/d1/3d76c4d5c46cd2e7b38641f7c8b325e0cab7d49d565ea573256eb3837d0c/hiredis-3.4.0-cp312-cp312-musllinux_1_2_aarch64.whl", hash = "sha256:1fb0a139cd52535f3e5a532816b5c36b3aea95817410fbf28ca4a676026347a5", size = 300827, upload-time = "2026-06-03T16:22:25.287Z" },
    { url = "https://files.pythonhosted.org/packages/c5/bc/d112dd9704ae47243a515fb021ec4d0b5a1b8d83a7a3eff3284c0248412d/hiredis-3.4.0-cp312-cp312-musllinux_1_2_ppc64le.whl", hash = "sha256:163d8c43e2706d23490532ea0de8736fc1493cfa52f0ee65f85b0f074f2fe017", size = 331284, upload-time = "2026-06-03T16:22:26.385Z" },
    { url = "https://files.pythonhosted.org/packages/e9/7b/8a4dc0a15e4658c81a9e79b2c167fbfbf750e0c1c7ef13e00e69d4273ced/hiredis-3.4.0-cp312-cp312-musllinux_1_2_s390x.whl", hash = "sha256:4b8f52844cd260d7805eca55c834e3e06b4c0d5b53a4178143b92242c2517c0d", size = 332962, upload-time = "2026-06-03T16:22:27.392Z" },
    { url = "https://files.pythonhosted.org/packages/1d/52/d3d0bb234de8deb4cbd432cdc63d001a6cad1f9c05fe07d2fa652f8cf412/hiredis-3.4.0-cp312-cp312-musllinux_1_2_x86_64.whl", hash = "sha256:03374d663b0e025e4039757ef5fad02e3ff714f7a01e5b34c88de2a9c91359dc", size = 311698, upload-time = "2026-06-03T16:22:28.442Z" },
    { url = "https://files.pythonhosted.org/packages/04/5b/54a052eccaf901703b57d7c28509e74341fa0da08d770f485345397ea1e5/hiredis-3.4.0-cp312-cp312-win32.whl", hash = "sha256:696e0a2118e1df5ccacf8ecf8abe528cf0c4f1f1d867f64c34579bef77778cdb", size = 38921, upload-time = "2026-06-03T16:22:29.39Z" },
    { url = "https://files.pythonhosted.org/packages/a7/64/6508236eda66765fbe873d1d0a0722e38059302e96dc9915b162ff17b35a/hiredis-3.4.0-cp312-cp312-win_amd64.whl", hash = "sha256:ee6b4beb79a71df67af15a8451366babc2687fcac674d5c6eacec4197e4ce8c1", size = 40090, upload-time = "2026-06-03T16:22:30.204Z" },
    { url = "https://files.pythonhosted.org/packages/fb/1c/7333aba1b4b7cef2591b244140aec0f1aad903397bbaa31c1858722b2fe4/hiredis-3.4.0-cp312-cp312-win_arm64.whl", hash = "sha256:14524fdc751e3960d78d848872576b5442b40baae3cac14fbab1ba7ac523891f", size = 36875, upload-time = "2026-06-03T16:22:31.087Z" },
]

[[package]]
name = "mooddiary-backend"
version = "1.2.0"
source = { virtual = "." }
dependencies = [
    { name = "django" },
    { name = "django-redis" },
    { name = "djangorestframework" },
    { name = "gunicorn" },
    { name = "psycopg2-binary" },
    { name = "python-dotenv" },
    { name = "redis", extra = ["hiredis"] },
    { name = "whitenoise" },
]

[package.metadata]
requires-dist = [
    { name = "django", specifier = "==6.0.2" },
    { name = "django-redis", specifier = "==6.0.0" },
    { name = "djangorestframework", specifier = "==3.16.1" },
    { name = "gunicorn", specifier = ">=23.0" },
    { name = "psycopg2-binary", specifier = "==2.9.11" },
    { name = "python-dotenv", specifier = "==1.2.1" },
    { name = "redis", extras = ["hiredis"], specifier = ">=5.0" },
    { name = "whitenoise", specifier = "==6.12.0" },
]

[[package]]
name = "packaging"
version = "26.2"
source = { registry = "https://pypi.org/simple" }
sdist = { url = "https://files.pythonhosted.org/packages/d7/f1/e7a6dd94a8d4a5626c03e4e99c87f241ba9e350cd9e6d75123f992427270/packaging-26.2.tar.gz", hash = "sha256:ff452ff5a3e828ce110190feff1178bb1f2ea2281fa2075aadb987c2fb221661", size = 228134, upload-time = "2026-04-24T20:15:23.917Z" }
wheels = [
    { url = "https://files.pythonhosted.org/packages/df/b2/87e62e8c3e2f4b32e5fe99e0b86d576da1312593b39f47d8ceef365e95ed/packaging-26.2-py3-none-any.whl", hash = "sha256:5fc45236b9446107ff2415ce77c807cee2862cb6fac22b8a73826d0693b0980e", size = 100195, upload-time = "2026-04-24T20:15:22.081Z" },
]

[[package]]
name = "psycopg2-binary"
version = "2.9.11"
source = { registry = "https://pypi.org/simple" }
sdist = { url = "https://files.pythonhosted.org/packages/ac/6c/8767aaa597ba424643dc87348c6f1754dd9f48e80fdc1b9f7ca5c3a7c213/psycopg2-binary-2.9.11.tar.gz", hash = "sha256:b6aed9e096bf63f9e75edf2581aa9a7e7186d97ab5c177aa6c87797cd591236c", size = 379620, upload-time = "2025-10-10T11:14:48.041Z" }
wheels = [
    { url = "https://files.pythonhosted.org/packages/d8/91/f870a02f51be4a65987b45a7de4c2e1897dd0d01051e2b559a38fa634e3e/psycopg2_binary-2.9.11-cp312-cp312-macosx_10_13_x86_64.whl", hash = "sha256:be9b840ac0525a283a96b556616f5b4820e0526addb8dcf6525a0fa162730be4", size = 3756603, upload-time = "2025-10-10T11:11:52.213Z" },
    { url = "https://files.pythonhosted.org/packages/27/fa/cae40e06849b6c9a95eb5c04d419942f00d9eaac8d81626107461e268821/psycopg2_binary-2.9.11-cp312-cp312-macosx_11_0_arm64.whl", hash = "sha256:f090b7ddd13ca842ebfe301cd587a76a4cf0913b1e429eb92c1be5dbeb1a19bc", size = 3864509, upload-time = "2025-10-10T11:11:56.452Z" },
    { url = "https://files.pythonhosted.org/packages/2d/75/364847b879eb630b3ac8293798e380e441a957c53657995053c5ec39a316/psycopg2_binary-2.9.11-cp312-cp312-manylinux2014_aarch64.manylinux_2_17_aarch64.whl", hash = "sha256:ab8905b5dcb05bf3fb22e0cf90e10f469563486ffb6a96569e51f897c750a76a", size = 4411159, upload-time = "2025-10-10T11:12:00.49Z" },
    { url = "https://files.pythonhosted.org/packages/6f/a0/567f7ea38b6e1c62aafd58375665a547c00c608a471620c0edc364733e13/psycopg2_binary-2.9.11-cp312-cp312-manylinux2014_ppc64le.manylinux_2_17_ppc64le.whl", hash = "sha256:bf940cd7e7fec19181fdbc29d76911741153d51cab52e5c21165f3262125685e", size = 4468234, upload-time = "2025-10-10T11:12:04.892Z" },
    { url = "https://files.pythonhosted.org/packages/30/da/4e42788fb811bbbfd7b7f045570c062f49e350e1d1f3df056c3fb5763353/psycopg2_binary-2.9.11-cp312-cp312-manylinux2014_x86_64.manylinux_2_17_x86_64.whl", hash = "sha256:fa0f693d3c68ae925966f0b14b8edda71696608039f4ed61b1fe9ffa468d16db", size = 4166236, upload-time = "2025-10-10T11:12:11.674Z" },
    { url = "https://files.pythonhosted.org/packages/3c/94/c1777c355bc560992af848d98216148be5f1be001af06e06fc49cbded578/psycopg2_binary-2.9.11-cp312-cp312-manylinux_2_38_riscv64.manylinux_2_39_riscv64.whl", hash = "sha256:a1cf393f1cdaf6a9b57c0a719a1068ba1069f022a59b8b1fe44b006745b59757", size = 3983083, upload-time = "2025-10-30T02:55:15.73Z" },
    { url = "https://files.pythonhosted.org/packages/bd/42/c9a21edf0e3daa7825ed04a4a8588686c6c14904344344a039556d78aa58/psycopg2_binary-2.9.11-cp312-cp312-musllinux_1_2_aarch64.whl", hash = "sha256:ef7a6beb4beaa62f88592ccc65df20328029d721db309cb3250b0aae0fa146c3", size = 3652281, upload-time = "2025-10-10T11:12:17.713Z" },
    { url = "https://files.pythonhosted.org/packages/12/22/dedfbcfa97917982301496b6b5e5e6c5531d1f35dd2b488b08d1ebc52482/psycopg2_binary-2.9.11-cp312-cp312-musllinux_1_2_ppc64le.whl", hash = "sha256:31b32c457a6025e74d233957cc9736742ac5a6cb196c6b68499f6bb51390bd6a", size = 3298010, upload-time = "2025-10-10T11:12:22.671Z" },
    { url = "https://files.pythonhosted.org/packages/66/ea/d3390e6696276078bd01b2ece417deac954dfdd552d2edc3d03204416c0c/psycopg2_binary-2.9.11-cp312-cp312-musllinux_1_2_riscv64.whl", hash = "sha256:edcb3aeb11cb4bf13a2af3c53a15b3d612edeb6409047ea0b5d6a21a9d744b34", size = 3044641, upload-time = "2025-10-30T02:55:19.929Z" },
    { url = "https://files.pythonhosted.org/packages/12/9a/0402ded6cbd321da0c0ba7d34dc12b29b14f5764c2fc10750daa38e825fc/psycopg2_binary-2.9.11-cp312-cp312-musllinux_1_2_x86_64.whl", hash = "sha256:62b6d93d7c0b61a1dd6197d208ab613eb7dcfdcca0a49c42ceb082257991de9d", size = 3347940, upload-time = "2025-10-10T11:12:26.529Z" },
    { url = "https://files.pythonhosted.org/packages/b1/d2/99b55e85832ccde77b211738ff3925a5d73ad183c0b37bcbbe5a8ff04978/psycopg2_binary-2.9.11-cp312-cp312-win_amd64.whl", hash = "sha256:b33fabeb1fde21180479b2d4667e994de7bbf0eec22832ba5d9b5e4cf65b6c6d", size = 2714147, upload-time = "2025-10-10T11:12:29.535Z" },
]

[[package]]
name = "python-dotenv"
version = "1.2.1"
source = { registry = "https://pypi.org/simple" }
sdist = { url = "https://files.pythonhosted.org/packages/f0/26/19cadc79a718c5edbec86fd4919a6b6d3f681039a2f6d66d14be94e75fb9/python_dotenv-1.2.1.tar.gz", hash = "sha256:42667e897e16ab0d66954af0e60a9caa94f0fd4ecf3aaf6d2d260eec1aa36ad6", size = 44221, upload-time = "2025-10-26T15:12:10.434Z" }
wheels = [
    { url = "https://files.pythonhosted.org/packages/14/1b/a298b06749107c305e1fe0f814c6c74aea7b2f1e10989cb30f544a1b3253/python_dotenv-1.2.1-py3-none-any.whl", hash = "sha256:b81ee9561e9ca4004139c6cbba3a238c32b03e4894671e181b671e8cb8425d61", size = 21230, upload-time = "2025-10-26T15:12:09.109Z" },
]

[[package]]
name = "redis"
version = "8.1.0"
source = { registry = "https://pypi.org/simple" }
sdist = { url = "https://files.pythonhosted.org/packages/a8/99/604f0b666d4c616d891cf77ebb9db6bb21601344c051aebf1b72b9ff915f/redis-8.1.0.tar.gz", hash = "sha256:6e1a19beef9225c83efd689c7e6b7da2d5215b1f42cd13b7fc3714d0a09c7b25", size = 5254356, upload-time = "2026-07-30T08:51:00.269Z" }
wheels = [
    { url = "https://files.pythonhosted.org/packages/66/9d/c5731f6e3608663d4d3656fd8d3aecee8b509c3082818f5a13eae925baea/redis-8.1.0-py3-none-any.whl", hash = "sha256:a4fe1aac3d3b3cc791d4b3d5931c5a956045dc951ee74d1c913ee3ac4d2ee9fb", size = 560618, upload-time = "2026-07-30T08:50:58.497Z" },
]

[package.optional-dependencies]
hiredis = [
    { name = "hiredis" },
]

[[package]]
name = "sqlparse"
version = "0.5.5"
source = { registry = "https://pypi.org/simple" }
sdist = { url = "https://files.pythonhosted.org/packages/90/76/437d71068094df0726366574cf3432a4ed754217b436eb7429415cf2d480/sqlparse-0.5.5.tar.gz", hash = "sha256:e20d4a9b0b8585fdf63b10d30066c7c94c5d7a7ec47c889a2d83a3caa93ff28e", size = 120815, upload-time = "2025-12-19T07:17:45.073Z" }
wheels = [
    { url = "https://files.pythonhosted.org/packages/49/4b/359f28a903c13438ef59ebeee215fb25da53066db67b305c125f1c6d2a25/sqlparse-0.5.5-py3-none-any.whl", hash = "sha256:12a08b3bf3eec877c519589833aed092e2444e68240a3577e8e26148acc7b1ba", size = 46138, upload-time = "2025-12-19T07:17:46.573Z" },
]

[[package]]
name = "tzdata"
version = "2026.3"
source = { registry = "https://pypi.org/simple" }
sdist = { url = "https://files.pythonhosted.org/packages/92/ff/5a28bdfd8c3ebec42564ac7d0e54ca3db65044a9314a97f9564fa7a1e926/tzdata-2026.3.tar.gz", hash = "sha256:4a1518b8993086a7982523e071643f3c0e5f213e75b21318e78bcabfff9d1415", size = 198674, upload-time = "2026-07-10T08:50:37.887Z" }
wheels = [
    { url = "https://files.pythonhosted.org/packages/e5/6d/b53b99a9f2766d095985947a5782f1702cabb129a34f7a802d7197af832f/tzdata-2026.3-py2.py3-none-any.whl", hash = "sha256:dc096730c87af6cab1b171c9d532be840741ff5d459015e7f6947bd7d7e54931", size = 348168, upload-time = "2026-07-10T08:50:36.46Z" },
]

[[package]]
name = "whitenoise"
version = "6.12.0"
source = { registry = "https://pypi.org/simple" }
sdist = { url = "https://files.pythonhosted.org/packages/cb/2a/55b3f3a4ec326cd077c1c3defeee656b9298372a69229134d930151acd01/whitenoise-6.12.0.tar.gz", hash = "sha256:f723ebb76a112e98816ff80fcea0a6c9b8ecde835f8ddda25df7a30a3c2db6ad", size = 26841, upload-time = "2026-02-27T00:05:42.028Z" }
wheels = [
    { url = "https://files.pythonhosted.org/packages/db/eb/d5583a11486211f3ebd4b385545ae787f32363d453c19fffd81106c9c138/whitenoise-6.12.0-py3-none-any.whl", hash = "sha256:fc5e8c572e33ebf24795b47b6a7da8da3c00cff2349f5b04c02f28d0cc5a3cc2", size = 20302, upload-time = "2026-02-27T00:05:40.086Z" },
]
